# This file is automatically @generated by Cargo.
# It is not intended for manual editing.
version = 3

[[package]]
name = "lang"
version = "0.1.0"
dependencies = [
 "source-span",
]

[[package]]
name = "source-span"
version = "2.7.0"
source = "registry+https://github.com/rust-lang/crates.io-index"
checksum = "a3afeb8b7a1ae2e8721f2193cc2291c9e00dd68511907fd8b807e2c8d42caa3c"
